
Microsoft Visual Studio Solution File, Format Version 12.00
# Visual Studio Version 17
VisualStudioVersion = 17.2.32630.192
MinimumVisualStudioVersion = 10.0.40219.1
Project("{9A19103F-16F7-4668-BE54-9A1E7A4F7556}") = "RestaurantAPI", "RestaurantAPI\RestaurantAPI.csproj", "{EA440540-C15A-495C-923F-4A2513E60685}"
EndProject
Project("{FAE04EC0-301F-11D3-BF4B-00C04F79EFBC}") = "RestaurantAPI.IntegrationTests", "RestaurantAPI.IntegrationTests\RestaurantAPI.IntegrationTests.csproj", "{77710BCC-BCB1-4DBD-B8F4-8AF1DB9B7559}"
EndProject
Global
	GlobalSection(SolutionConfigurationPlatforms) = preSolution
		Debug|Any CPU = Debug|Any CPU
		Release|Any CPU = Release|Any CPU
	EndGlobalSection
	GlobalSection(ProjectConfigurationPlatforms) = postSolution
		{EA440540-C15A-495C-923F-4A2513E60685}.Debug|Any CPU.ActiveCfg = Debug|Any CPU
		{EA440540-C15A-495C-923F-4A2513E60685}.Debug|Any CPU.Build.0 = Debug|Any CPU
		{EA440540-C15A-495C-923F-4A2513E60685}.Release|Any CPU.ActiveCfg = Release|Any CPU
		{EA440540-C15A-495C-923F-4A2513E60685}.Release|Any CPU.Build.0 = Release|Any CPU
		{77710BCC-BCB1-4DBD-B8F4-8AF1DB9B7559}.Debug|Any CPU.ActiveCfg = Debug|Any CPU
		{77710BCC-BCB1-4DBD-B8F4-8AF1DB9B7559}.Debug|Any CPU.Build.0 = Debug|Any CPU
		{77710BCC-BCB1-4DBD-B8F4-8AF1DB9B7559}.Release|Any CPU.ActiveCfg = Release|Any CPU
		{77710BCC-BCB1-4DBD-B8F4-8AF1DB9B7559}.Release|Any CPU.Build.0 = Release|Any CPU
	EndGlobalSection
	GlobalSection(SolutionProperties) = preSolution
		HideSolutionNode = FALSE
	EndGlobalSection
	GlobalSection(ExtensibilityGlobals) = postSolution
		SolutionGuid = {0414830B-489F-426D-B06C-B8821F81DD49}
	EndGlobalSection
EndGlobal
